
Microsoft Visual Studio Solution File, Format Version 12.00
# Visual Studio Version 17
VisualStudioVersion = 17.0.31903.59
MinimumVisualStudioVersion = 10.0.40219.1
Project("{2150E333-8FDC-42A3-9474-1A3956D46DE8}") = "src", "src", "{FAD0F089-F049-4C08-B9FD-DC11850EBDEB}"
EndProject
Project("{FAE04EC0-301F-11D3-BF4B-00C04F79EFBC}") = "DeyeSolar.Domain", "src\DeyeSolar.Domain\DeyeSolar.Domain.csproj", "{F0F4EC68-07EB-4A71-B944-ECCF5178415D}"
EndProject
Project("{FAE04EC0-301F-11D3-BF4B-00C04F79EFBC}") = "DeyeSolar.Infrastructure", "src\DeyeSolar.Infrastructure\DeyeSolar.Infrastructure.csproj", "{5307291B-FE26-4BDD-8944-6ABCAAFB425D}"
EndProject
Project("{FAE04EC0-301F-11D3-BF4B-00C04F79EFBC}") = "DeyeSolar.RuleEngine", "src\DeyeSolar.RuleEngine\DeyeSolar.RuleEngine.csproj", "{2C4BECE5-5ED7-476E-A984-2E910E54EB88}"
EndProject
Project("{FAE04EC0-301F-11D3-BF4B-00C04F79EFBC}") = "DeyeSolar.Web", "src\DeyeSolar.Web\DeyeSolar.Web.csproj", "{0D7F2C56-24AF-46FE-85B2-46CAD56B1396}"
EndProject
Project("{2150E333-8FDC-42A3-9474-1A3956D46DE8}") = "tests", "tests", "{5E9D5C91-496F-41C9-A4ED-F89BE0DBE11A}"
EndProject
Project("{FAE04EC0-301F-11D3-BF4B-00C04F79EFBC}") = "DeyeSolar.RuleEngine.Tests", "tests\DeyeSolar.RuleEngine.Tests\DeyeSolar.RuleEngine.Tests.csproj", "{60376F67-6966-4330-B8CD-40E1A6B20F70}"
EndProject
Project("{FAE04EC0-301F-11D3-BF4B-00C04F79EFBC}") = "DeyeSolar.Infrastructure.Tests", "tests\DeyeSolar.Infrastructure.Tests\DeyeSolar.Infrastructure.Tests.csproj", "{3FC981D1-39AB-4900-B393-A41CFB307A23}"
EndProject
Project("{FAE04EC0-301F-11D3-BF4B-00C04F79EFBC}") = "DeyeSolar.Web.Tests", "tests\DeyeSolar.Web.Tests\DeyeSolar.Web.Tests.csproj", "{66D24A41-94E0-4D6D-85FC-5BCB46EF8AF7}"
EndProject
Project("{FAE04EC0-301F-11D3-BF4B-00C04F79EFBC}") = "SolarManagement.Inverters.Contracts", "src\SolarManagement.Inverters.Contracts\SolarManagement.Inverters.Contracts.csproj", "{FA0A4D89-945A-45CB-A6EF-B1D589A1FA36}"
EndProject
Project("{FAE04EC0-301F-11D3-BF4B-00C04F79EFBC}") = "SolarManagement.SmartSockets.Contracts", "src\SolarManagement.SmartSockets.Contracts\SolarManagement.SmartSockets.Contracts.csproj", "{F3ACC2A0-6B83-4CAC-85AA-38A03EA91207}"
EndProject
Project("{FAE04EC0-301F-11D3-BF4B-00C04F79EFBC}") = "SolarManagement.Integrations.Contracts", "src\SolarManagement.Integrations.Contracts\SolarManagement.Integrations.Contracts.csproj", "{9CB661B6-3D47-4B2C-9FE5-C5B8D0B1404E}"
EndProject
Project("{FAE04EC0-301F-11D3-BF4B-00C04F79EFBC}") = "SolarManagement.Integrations.Runtime", "src\SolarManagement.Integrations.Runtime\SolarManagement.Integrations.Runtime.csproj", "{A24D3411-BD83-4550-B7BF-4897F3113B0E}"
EndProject
Project("{2150E333-8FDC-42A3-9474-1A3956D46DE8}") = "integrations", "integrations", "{4958D7D8-4791-2CCE-6FFA-082B65933577}"
EndProject
Project("{FAE04EC0-301F-11D3-BF4B-00C04F79EFBC}") = "SolarManagement.Integrations.WorkerSdk", "integrations\SolarManagement.Integrations.WorkerSdk\SolarManagement.Integrations.WorkerSdk.csproj", "{43791536-94C8-4472-99FD-23F858F91BD5}"
EndProject
Project("{FAE04EC0-301F-11D3-BF4B-00C04F79EFBC}") = "SolarManagement.Providers.DeyeCloud", "integrations\SolarManagement.Providers.DeyeCloud\SolarManagement.Providers.DeyeCloud.csproj", "{0CFC5D4E-2284-495C-B664-C5D79E1C272C}"
EndProject
Project("{FAE04EC0-301F-11D3-BF4B-00C04F79EFBC}") = "SolarManagement.Providers.ShellyCloud", "integrations\SolarManagement.Providers.ShellyCloud\SolarManagement.Providers.ShellyCloud.csproj", "{D171D98D-A8CA-45C4-9E8C-BEBE5147EF36}"
EndProject
Project("{FAE04EC0-301F-11D3-BF4B-00C04F79EFBC}") = "SolarManagement.IntegrationTestWorker", "tests\SolarManagement.IntegrationTestWorker\SolarManagement.IntegrationTestWorker.csproj", "{00D86A4C-6AAF-48D7-86DE-85EEB492DF63}"
EndProject
Project("{FAE04EC0-301F-11D3-BF4B-00C04F79EFBC}") = "SolarManagement.Integrations.Tests", "tests\SolarManagement.Integrations.Tests\SolarManagement.Integrations.Tests.csproj", "{7E4692CD-F1CC-45C4-9551-A695F0418B11}"
EndProject
Project("{2150E333-8FDC-42A3-9474-1A3956D46DE8}") = "tools", "tools", "{07C2787E-EAC7-C090-1BA3-A61EC2A24D84}"
EndProject
Project("{FAE04EC0-301F-11D3-BF4B-00C04F79EFBC}") = "SolarManagement.IntegrationPackager", "tools\SolarManagement.IntegrationPackager\SolarManagement.IntegrationPackager.csproj", "{A000165C-8B0F-4845-882A-A981F41DC19F}"
EndProject
Project("{FAE04EC0-301F-11D3-BF4B-00C04F79EFBC}") = "SolarManagement.Providers.SolisCloud", "integrations\SolarManagement.Providers.SolisCloud\SolarManagement.Providers.SolisCloud.csproj", "{CBC41D12-5491-44E7-A1C5-43403504A240}"
EndProject
Project("{FAE04EC0-301F-11D3-BF4B-00C04F79EFBC}") = "SolarManagement.Providers.SungrowCloud", "integrations\SolarManagement.Providers.SungrowCloud\SolarManagement.Providers.SungrowCloud.csproj", "{B5337176-10A2-4457-8D49-0D40F6830821}"
EndProject
Project("{FAE04EC0-301F-11D3-BF4B-00C04F79EFBC}") = "SolarManagement.Providers.HuaweiFusionSolar", "integrations\SolarManagement.Providers.HuaweiFusionSolar\SolarManagement.Providers.HuaweiFusionSolar.csproj", "{F1FF84F9-C6C9-4276-9FF5-E8E6A8901115}"
EndProject
Project("{FAE04EC0-301F-11D3-BF4B-00C04F79EFBC}") = "SolarManagement.Providers.GrowattCloud", "integrations\SolarManagement.Providers.GrowattCloud\SolarManagement.Providers.GrowattCloud.csproj", "{5372686B-36A0-4DF8-B941-647A36C45D4C}"
EndProject
Project("{FAE04EC0-301F-11D3-BF4B-00C04F79EFBC}") = "SolarManagement.Providers.TuyaCloud", "integrations\SolarManagement.Providers.TuyaCloud\SolarManagement.Providers.TuyaCloud.csproj", "{7513709B-76A5-4D40-BD0D-6D1F1C28EE19}"
EndProject
Project("{FAE04EC0-301F-11D3-BF4B-00C04F79EFBC}") = "SolarManagement.Providers.EWeLinkCloud", "integrations\SolarManagement.Providers.EWeLinkCloud\SolarManagement.Providers.EWeLinkCloud.csproj", "{EC27280F-DE3D-49E2-B4F8-22AB7E0F3162}"
EndProject
Project("{FAE04EC0-301F-11D3-BF4B-00C04F79EFBC}") = "SolarManagement.Providers.AqaraCloud", "integrations\SolarManagement.Providers.AqaraCloud\SolarManagement.Providers.AqaraCloud.csproj", "{42AFBBA7-F908-47E2-949F-8CE00BF6D30F}"
EndProject
Project("{FAE04EC0-301F-11D3-BF4B-00C04F79EFBC}") = "SolarManagement.Providers.NetatmoControl", "integrations\SolarManagement.Providers.NetatmoControl\SolarManagement.Providers.NetatmoControl.csproj", "{266848DB-BBD4-4655-8921-52758FDE7E67}"
EndProject
Project("{FAE04EC0-301F-11D3-BF4B-00C04F79EFBC}") = "SolarManagement.ProviderE2E", "tests\SolarManagement.ProviderE2E\SolarManagement.ProviderE2E.csproj", "{7B3EE9E2-3CF7-4D50-9B24-85FF8600BCC9}"
EndProject
Project("{FAE04EC0-301F-11D3-BF4B-00C04F79EFBC}") = "SolarManagement.ProviderE2E.Worker", "tests\SolarManagement.ProviderE2E.Worker\SolarManagement.ProviderE2E.Worker.csproj", "{CBCE40A4-3F22-4131-BF67-7C4F53B9F27E}"
EndProject
Project("{FAE04EC0-301F-11D3-BF4B-00C04F79EFBC}") = "SolarManagement.Http", "src\SolarManagement.Http\SolarManagement.Http.csproj", "{BE78E1CC-EDF9-4933-8132-C9A6065CC957}"
EndProject
Global
	GlobalSection(SolutionConfigurationPlatforms) = preSolution
		Debug|Any CPU = Debug|Any CPU
		Debug|x64 = Debug|x64
		Debug|x86 = Debug|x86
		Release|Any CPU = Release|Any CPU
		Release|x64 = Release|x64
		Release|x86 = Release|x86
	EndGlobalSection
	GlobalSection(ProjectConfigurationPlatforms) = postSolution
		{F0F4EC68-07EB-4A71-B944-ECCF5178415D}.Debug|Any CPU.ActiveCfg = Debug|Any CPU
		{F0F4EC68-07EB-4A71-B944-ECCF5178415D}.Debug|Any CPU.Build.0 = Debug|Any CPU
		{F0F4EC68-07EB-4A71-B944-ECCF5178415D}.Debug|x64.ActiveCfg = Debug|Any CPU
		{F0F4EC68-07EB-4A71-B944-ECCF5178415D}.Debug|x64.Build.0 = Debug|Any CPU
		{F0F4EC68-07EB-4A71-B944-ECCF5178415D}.Debug|x86.ActiveCfg = Debug|Any CPU
		{F0F4EC68-07EB-4A71-B944-ECCF5178415D}.Debug|x86.Build.0 = Debug|Any CPU
		{F0F4EC68-07EB-4A71-B944-ECCF5178415D}.Release|Any CPU.ActiveCfg = Release|Any CPU
		{F0F4EC68-07EB-4A71-B944-ECCF5178415D}.Release|Any CPU.Build.0 = Release|Any CPU
		{F0F4EC68-07EB-4A71-B944-ECCF5178415D}.Release|x64.ActiveCfg = Release|Any CPU
		{F0F4EC68-07EB-4A71-B944-ECCF5178415D}.Release|x64.Build.0 = Release|Any CPU
		{F0F4EC68-07EB-4A71-B944-ECCF5178415D}.Release|x86.ActiveCfg = Release|Any CPU
		{F0F4EC68-07EB-4A71-B944-ECCF5178415D}.Release|x86.Build.0 = Release|Any CPU
		{5307291B-FE26-4BDD-8944-6ABCAAFB425D}.Debug|Any CPU.ActiveCfg = Debug|Any CPU
		{5307291B-FE26-4BDD-8944-6ABCAAFB425D}.Debug|Any CPU.Build.0 = Debug|Any CPU
		{5307291B-FE26-4BDD-8944-6ABCAAFB425D}.Debug|x64.ActiveCfg = Debug|Any CPU
		{5307291B-FE26-4BDD-8944-6ABCAAFB425D}.Debug|x64.Build.0 = Debug|Any CPU
		{5307291B-FE26-4BDD-8944-6ABCAAFB425D}.Debug|x86.ActiveCfg = Debug|Any CPU
		{5307291B-FE26-4BDD-8944-6ABCAAFB425D}.Debug|x86.Build.0 = Debug|Any CPU
		{5307291B-FE26-4BDD-8944-6ABCAAFB425D}.Release|Any CPU.ActiveCfg = Release|Any CPU
		{5307291B-FE26-4BDD-8944-6ABCAAFB425D}.Release|Any CPU.Build.0 = Release|Any CPU
		{5307291B-FE26-4BDD-8944-6ABCAAFB425D}.Release|x64.ActiveCfg = Release|Any CPU
		{5307291B-FE26-4BDD-8944-6ABCAAFB425D}.Release|x64.Build.0 = Release|Any CPU
		{5307291B-FE26-4BDD-8944-6ABCAAFB425D}.Release|x86.ActiveCfg = Release|Any CPU
		{5307291B-FE26-4BDD-8944-6ABCAAFB425D}.Release|x86.Build.0 = Release|Any CPU
		{2C4BECE5-5ED7-476E-A984-2E910E54EB88}.Debug|Any CPU.ActiveCfg = Debug|Any CPU
		{2C4BECE5-5ED7-476E-A984-2E910E54EB88}.Debug|Any CPU.Build.0 = Debug|Any CPU
		{2C4BECE5-5ED7-476E-A984-2E910E54EB88}.Debug|x64.ActiveCfg = Debug|Any CPU
		{2C4BECE5-5ED7-476E-A984-2E910E54EB88}.Debug|x64.Build.0 = Debug|Any CPU
		{2C4BECE5-5ED7-476E-A984-2E910E54EB88}.Debug|x86.ActiveCfg = Debug|Any CPU
		{2C4BECE5-5ED7-476E-A984-2E910E54EB88}.Debug|x86.Build.0 = Debug|Any CPU
		{2C4BECE5-5ED7-476E-A984-2E910E54EB88}.Release|Any CPU.ActiveCfg = Release|Any CPU
		{2C4BECE5-5ED7-476E-A984-2E910E54EB88}.Release|Any CPU.Build.0 = Release|Any CPU
		{2C4BECE5-5ED7-476E-A984-2E910E54EB88}.Release|x64.ActiveCfg = Release|Any CPU
		{2C4BECE5-5ED7-476E-A984-2E910E54EB88}.Release|x64.Build.0 = Release|Any CPU
		{2C4BECE5-5ED7-476E-A984-2E910E54EB88}.Release|x86.ActiveCfg = Release|Any CPU
		{2C4BECE5-5ED7-476E-A984-2E910E54EB88}.Release|x86.Build.0 = Release|Any CPU
		{0D7F2C56-24AF-46FE-85B2-46CAD56B1396}.Debug|Any CPU.ActiveCfg = Debug|Any CPU
		{0D7F2C56-24AF-46FE-85B2-46CAD56B1396}.Debug|Any CPU.Build.0 = Debug|Any CPU
		{0D7F2C56-24AF-46FE-85B2-46CAD56B1396}.Debug|x64.ActiveCfg = Debug|Any CPU
		{0D7F2C56-24AF-46FE-85B2-46CAD56B1396}.Debug|x64.Build.0 = Debug|Any CPU
		{0D7F2C56-24AF-46FE-85B2-46CAD56B1396}.Debug|x86.ActiveCfg = Debug|Any CPU
		{0D7F2C56-24AF-46FE-85B2-46CAD56B1396}.Debug|x86.Build.0 = Debug|Any CPU
		{0D7F2C56-24AF-46FE-85B2-46CAD56B1396}.Release|Any CPU.ActiveCfg = Release|Any CPU
		{0D7F2C56-24AF-46FE-85B2-46CAD56B1396}.Release|Any CPU.Build.0 = Release|Any CPU
		{0D7F2C56-24AF-46FE-85B2-46CAD56B1396}.Release|x64.ActiveCfg = Release|Any CPU
		{0D7F2C56-24AF-46FE-85B2-46CAD56B1396}.Release|x64.Build.0 = Release|Any CPU
		{0D7F2C56-24AF-46FE-85B2-46CAD56B1396}.Release|x86.ActiveCfg = Release|Any CPU
		{0D7F2C56-24AF-46FE-85B2-46CAD56B1396}.Release|x86.Build.0 = Release|Any CPU
		{60376F67-6966-4330-B8CD-40E1A6B20F70}.Debug|Any CPU.ActiveCfg = Debug|Any CPU
		{60376F67-6966-4330-B8CD-40E1A6B20F70}.Debug|Any CPU.Build.0 = Debug|Any CPU
		{60376F67-6966-4330-B8CD-40E1A6B20F70}.Debug|x64.ActiveCfg = Debug|Any CPU
		{60376F67-6966-4330-B8CD-40E1A6B20F70}.Debug|x64.Build.0 = Debug|Any CPU
		{60376F67-6966-4330-B8CD-40E1A6B20F70}.Debug|x86.ActiveCfg = Debug|Any CPU
		{60376F67-6966-4330-B8CD-40E1A6B20F70}.Debug|x86.Build.0 = Debug|Any CPU
		{60376F67-6966-4330-B8CD-40E1A6B20F70}.Release|Any CPU.ActiveCfg = Release|Any CPU
		{60376F67-6966-4330-B8CD-40E1A6B20F70}.Release|Any CPU.Build.0 = Release|Any CPU
		{60376F67-6966-4330-B8CD-40E1A6B20F70}.Release|x64.ActiveCfg = Release|Any CPU
		{60376F67-6966-4330-B8CD-40E1A6B20F70}.Release|x64.Build.0 = Release|Any CPU
		{60376F67-6966-4330-B8CD-40E1A6B20F70}.Release|x86.ActiveCfg = Release|Any CPU
		{60376F67-6966-4330-B8CD-40E1A6B20F70}.Release|x86.Build.0 = Release|Any CPU
		{3FC981D1-39AB-4900-B393-A41CFB307A23}.Debug|Any CPU.ActiveCfg = Debug|Any CPU
		{3FC981D1-39AB-4900-B393-A41CFB307A23}.Debug|Any CPU.Build.0 = Debug|Any CPU
		{3FC981D1-39AB-4900-B393-A41CFB307A23}.Debug|x64.ActiveCfg = Debug|Any CPU
		{3FC981D1-39AB-4900-B393-A41CFB307A23}.Debug|x64.Build.0 = Debug|Any CPU
		{3FC981D1-39AB-4900-B393-A41CFB307A23}.Debug|x86.ActiveCfg = Debug|Any CPU
		{3FC981D1-39AB-4900-B393-A41CFB307A23}.Debug|x86.Build.0 = Debug|Any CPU
		{3FC981D1-39AB-4900-B393-A41CFB307A23}.Release|Any CPU.ActiveCfg = Release|Any CPU
		{3FC981D1-39AB-4900-B393-A41CFB307A23}.Release|Any CPU.Build.0 = Release|Any CPU
		{3FC981D1-39AB-4900-B393-A41CFB307A23}.Release|x64.ActiveCfg = Release|Any CPU
		{3FC981D1-39AB-4900-B393-A41CFB307A23}.Release|x64.Build.0 = Release|Any CPU
		{3FC981D1-39AB-4900-B393-A41CFB307A23}.Release|x86.ActiveCfg = Release|Any CPU
		{3FC981D1-39AB-4900-B393-A41CFB307A23}.Release|x86.Build.0 = Release|Any CPU
		{66D24A41-94E0-4D6D-85FC-5BCB46EF8AF7}.Debug|Any CPU.ActiveCfg = Debug|Any CPU
		{66D24A41-94E0-4D6D-85FC-5BCB46EF8AF7}.Debug|Any CPU.Build.0 = Debug|Any CPU
		{66D24A41-94E0-4D6D-85FC-5BCB46EF8AF7}.Debug|x64.ActiveCfg = Debug|Any CPU
		{66D24A41-94E0-4D6D-85FC-5BCB46EF8AF7}.Debug|x64.Build.0 = Debug|Any CPU
		{66D24A41-94E0-4D6D-85FC-5BCB46EF8AF7}.Debug|x86.ActiveCfg = Debug|Any CPU
		{66D24A41-94E0-4D6D-85FC-5BCB46EF8AF7}.Debug|x86.Build.0 = Debug|Any CPU
		{66D24A41-94E0-4D6D-85FC-5BCB46EF8AF7}.Release|Any CPU.ActiveCfg = Release|Any CPU
		{66D24A41-94E0-4D6D-85FC-5BCB46EF8AF7}.Release|Any CPU.Build.0 = Release|Any CPU
		{66D24A41-94E0-4D6D-85FC-5BCB46EF8AF7}.Release|x64.ActiveCfg = Release|Any CPU
		{66D24A41-94E0-4D6D-85FC-5BCB46EF8AF7}.Release|x64.Build.0 = Release|Any CPU
		{66D24A41-94E0-4D6D-85FC-5BCB46EF8AF7}.Release|x86.ActiveCfg = Release|Any CPU
		{66D24A41-94E0-4D6D-85FC-5BCB46EF8AF7}.Release|x86.Build.0 = Release|Any CPU
		{FA0A4D89-945A-45CB-A6EF-B1D589A1FA36}.Debug|Any CPU.ActiveCfg = Debug|Any CPU
		{FA0A4D89-945A-45CB-A6EF-B1D589A1FA36}.Debug|Any CPU.Build.0 = Debug|Any CPU
		{FA0A4D89-945A-45CB-A6EF-B1D589A1FA36}.Debug|x64.ActiveCfg = Debug|Any CPU
		{FA0A4D89-945A-45CB-A6EF-B1D589A1FA36}.Debug|x64.Build.0 = Debug|Any CPU
		{FA0A4D89-945A-45CB-A6EF-B1D589A1FA36}.Debug|x86.ActiveCfg = Debug|Any CPU
		{FA0A4D89-945A-45CB-A6EF-B1D589A1FA36}.Debug|x86.Build.0 = Debug|Any CPU
		{FA0A4D89-945A-45CB-A6EF-B1D589A1FA36}.Release|Any CPU.ActiveCfg = Release|Any CPU
		{FA0A4D89-945A-45CB-A6EF-B1D589A1FA36}.Release|Any CPU.Build.0 = Release|Any CPU
		{FA0A4D89-945A-45CB-A6EF-B1D589A1FA36}.Release|x64.ActiveCfg = Release|Any CPU
		{FA0A4D89-945A-45CB-A6EF-B1D589A1FA36}.Release|x64.Build.0 = Release|Any CPU
		{FA0A4D89-945A-45CB-A6EF-B1D589A1FA36}.Release|x86.ActiveCfg = Release|Any CPU
		{FA0A4D89-945A-45CB-A6EF-B1D589A1FA36}.Release|x86.Build.0 = Release|Any CPU
		{F3ACC2A0-6B83-4CAC-85AA-38A03EA91207}.Debug|Any CPU.ActiveCfg = Debug|Any CPU
		{F3ACC2A0-6B83-4CAC-85AA-38A03EA91207}.Debug|Any CPU.Build.0 = Debug|Any CPU
		{F3ACC2A0-6B83-4CAC-85AA-38A03EA91207}.Debug|x64.ActiveCfg = Debug|Any CPU
		{F3ACC2A0-6B83-4CAC-85AA-38A03EA91207}.Debug|x64.Build.0 = Debug|Any CPU
		{F3ACC2A0-6B83-4CAC-85AA-38A03EA91207}.Debug|x86.ActiveCfg = Debug|Any CPU
		{F3ACC2A0-6B83-4CAC-85AA-38A03EA91207}.Debug|x86.Build.0 = Debug|Any CPU
		{F3ACC2A0-6B83-4CAC-85AA-38A03EA91207}.Release|Any CPU.ActiveCfg = Release|Any CPU
		{F3ACC2A0-6B83-4CAC-85AA-38A03EA91207}.Release|Any CPU.Build.0 = Release|Any CPU
		{F3ACC2A0-6B83-4CAC-85AA-38A03EA91207}.Release|x64.ActiveCfg = Release|Any CPU
		{F3ACC2A0-6B83-4CAC-85AA-38A03EA91207}.Release|x64.Build.0 = Release|Any CPU
		{F3ACC2A0-6B83-4CAC-85AA-38A03EA91207}.Release|x86.ActiveCfg = Release|Any CPU
		{F3ACC2A0-6B83-4CAC-85AA-38A03EA91207}.Release|x86.Build.0 = Release|Any CPU
		{9CB661B6-3D47-4B2C-9FE5-C5B8D0B1404E}.Debug|Any CPU.ActiveCfg = Debug|Any CPU
		{9CB661B6-3D47-4B2C-9FE5-C5B8D0B1404E}.Debug|Any CPU.Build.0 = Debug|Any CPU
		{9CB661B6-3D47-4B2C-9FE5-C5B8D0B1404E}.Debug|x64.ActiveCfg = Debug|Any CPU
		{9CB661B6-3D47-4B2C-9FE5-C5B8D0B1404E}.Debug|x64.Build.0 = Debug|Any CPU
		{9CB661B6-3D47-4B2C-9FE5-C5B8D0B1404E}.Debug|x86.ActiveCfg = Debug|Any CPU
		{9CB661B6-3D47-4B2C-9FE5-C5B8D0B1404E}.Debug|x86.Build.0 = Debug|Any CPU
		{9CB661B6-3D47-4B2C-9FE5-C5B8D0B1404E}.Release|Any CPU.ActiveCfg = Release|Any CPU
		{9CB661B6-3D47-4B2C-9FE5-C5B8D0B1404E}.Release|Any CPU.Build.0 = Release|Any CPU
		{9CB661B6-3D47-4B2C-9FE5-C5B8D0B1404E}.Release|x64.ActiveCfg = Release|Any CPU
		{9CB661B6-3D47-4B2C-9FE5-C5B8D0B1404E}.Release|x64.Build.0 = Release|Any CPU
		{9CB661B6-3D47-4B2C-9FE5-C5B8D0B1404E}.Release|x86.ActiveCfg = Release|Any CPU
		{9CB661B6-3D47-4B2C-9FE5-C5B8D0B1404E}.Release|x86.Build.0 = Release|Any CPU
		{A24D3411-BD83-4550-B7BF-4897F3113B0E}.Debug|Any CPU.ActiveCfg = Debug|Any CPU
		{A24D3411-BD83-4550-B7BF-4897F3113B0E}.Debug|Any CPU.Build.0 = Debug|Any CPU
		{A24D3411-BD83-4550-B7BF-4897F3113B0E}.Debug|x64.ActiveCfg = Debug|Any CPU
		{A24D3411-BD83-4550-B7BF-4897F3113B0E}.Debug|x64.Build.0 = Debug|Any CPU
		{A24D3411-BD83-4550-B7BF-4897F3113B0E}.Debug|x86.ActiveCfg = Debug|Any CPU
		{A24D3411-BD83-4550-B7BF-4897F3113B0E}.Debug|x86.Build.0 = Debug|Any CPU
		{A24D3411-BD83-4550-B7BF-4897F3113B0E}.Release|Any CPU.ActiveCfg = Release|Any CPU
		{A24D3411-BD83-4550-B7BF-4897F3113B0E}.Release|Any CPU.Build.0 = Release|Any CPU
		{A24D3411-BD83-4550-B7BF-4897F3113B0E}.Release|x64.ActiveCfg = Release|Any CPU
		{A24D3411-BD83-4550-B7BF-4897F3113B0E}.Release|x64.Build.0 = Release|Any CPU
		{A24D3411-BD83-4550-B7BF-4897F3113B0E}.Release|x86.ActiveCfg = Release|Any CPU
		{A24D3411-BD83-4550-B7BF-4897F3113B0E}.Release|x86.Build.0 = Release|Any CPU
		{43791536-94C8-4472-99FD-23F858F91BD5}.Debug|Any CPU.ActiveCfg = Debug|Any CPU
		{43791536-94C8-4472-99FD-23F858F91BD5}.Debug|Any CPU.Build.0 = Debug|Any CPU
		{43791536-94C8-4472-99FD-23F858F91BD5}.Debug|x64.ActiveCfg = Debug|Any CPU
		{43791536-94C8-4472-99FD-23F858F91BD5}.Debug|x64.Build.0 = Debug|Any CPU
		{43791536-94C8-4472-99FD-23F858F91BD5}.Debug|x86.ActiveCfg = Debug|Any CPU
		{43791536-94C8-4472-99FD-23F858F91BD5}.Debug|x86.Build.0 = Debug|Any CPU
		{43791536-94C8-4472-99FD-23F858F91BD5}.Release|Any CPU.ActiveCfg = Release|Any CPU
		{43791536-94C8-4472-99FD-23F858F91BD5}.Release|Any CPU.Build.0 = Release|Any CPU
		{43791536-94C8-4472-99FD-23F858F91BD5}.Release|x64.ActiveCfg = Release|Any CPU
		{43791536-94C8-4472-99FD-23F858F91BD5}.Release|x64.Build.0 = Release|Any CPU
		{43791536-94C8-4472-99FD-23F858F91BD5}.Release|x86.ActiveCfg = Release|Any CPU
		{43791536-94C8-4472-99FD-23F858F91BD5}.Release|x86.Build.0 = Release|Any CPU
		{0CFC5D4E-2284-495C-B664-C5D79E1C272C}.Debug|Any CPU.ActiveCfg = Debug|Any CPU
		{0CFC5D4E-2284-495C-B664-C5D79E1C272C}.Debug|Any CPU.Build.0 = Debug|Any CPU
		{0CFC5D4E-2284-495C-B664-C5D79E1C272C}.Debug|x64.ActiveCfg = Debug|Any CPU
		{0CFC5D4E-2284-495C-B664-C5D79E1C272C}.Debug|x64.Build.0 = Debug|Any CPU
		{0CFC5D4E-2284-495C-B664-C5D79E1C272C}.Debug|x86.ActiveCfg = Debug|Any CPU
		{0CFC5D4E-2284-495C-B664-C5D79E1C272C}.Debug|x86.Build.0 = Debug|Any CPU
		{0CFC5D4E-2284-495C-B664-C5D79E1C272C}.Release|Any CPU.ActiveCfg = Release|Any CPU
		{0CFC5D4E-2284-495C-B664-C5D79E1C272C}.Release|Any CPU.Build.0 = Release|Any CPU
		{0CFC5D4E-2284-495C-B664-C5D79E1C272C}.Release|x64.ActiveCfg = Release|Any CPU
		{0CFC5D4E-2284-495C-B664-C5D79E1C272C}.Release|x64.Build.0 = Release|Any CPU
		{0CFC5D4E-2284-495C-B664-C5D79E1C272C}.Release|x86.ActiveCfg = Release|Any CPU
		{0CFC5D4E-2284-495C-B664-C5D79E1C272C}.Release|x86.Build.0 = Release|Any CPU
		{D171D98D-A8CA-45C4-9E8C-BEBE5147EF36}.Debug|Any CPU.ActiveCfg = Debug|Any CPU
		{D171D98D-A8CA-45C4-9E8C-BEBE5147EF36}.Debug|Any CPU.Build.0 = Debug|Any CPU
		{D171D98D-A8CA-45C4-9E8C-BEBE5147EF36}.Debug|x64.ActiveCfg = Debug|Any CPU
		{D171D98D-A8CA-45C4-9E8C-BEBE5147EF36}.Debug|x64.Build.0 = Debug|Any CPU
		{D171D98D-A8CA-45C4-9E8C-BEBE5147EF36}.Debug|x86.ActiveCfg = Debug|Any CPU
		{D171D98D-A8CA-45C4-9E8C-BEBE5147EF36}.Debug|x86.Build.0 = Debug|Any CPU
		{D171D98D-A8CA-45C4-9E8C-BEBE5147EF36}.Release|Any CPU.ActiveCfg = Release|Any CPU
		{D171D98D-A8CA-45C4-9E8C-BEBE5147EF36}.Release|Any CPU.Build.0 = Release|Any CPU
		{D171D98D-A8CA-45C4-9E8C-BEBE5147EF36}.Release|x64.ActiveCfg = Release|Any CPU
		{D171D98D-A8CA-45C4-9E8C-BEBE5147EF36}.Release|x64.Build.0 = Release|Any CPU
		{D171D98D-A8CA-45C4-9E8C-BEBE5147EF36}.Release|x86.ActiveCfg = Release|Any CPU
		{D171D98D-A8CA-45C4-9E8C-BEBE5147EF36}.Release|x86.Build.0 = Release|Any CPU
		{00D86A4C-6AAF-48D7-86DE-85EEB492DF63}.Debug|Any CPU.ActiveCfg = Debug|Any CPU
		{00D86A4C-6AAF-48D7-86DE-85EEB492DF63}.Debug|Any CPU.Build.0 = Debug|Any CPU
		{00D86A4C-6AAF-48D7-86DE-85EEB492DF63}.Debug|x64.ActiveCfg = Debug|Any CPU
		{00D86A4C-6AAF-48D7-86DE-85EEB492DF63}.Debug|x64.Build.0 = Debug|Any CPU
		{00D86A4C-6AAF-48D7-86DE-85EEB492DF63}.Debug|x86.ActiveCfg = Debug|Any CPU
		{00D86A4C-6AAF-48D7-86DE-85EEB492DF63}.Debug|x86.Build.0 = Debug|Any CPU
		{00D86A4C-6AAF-48D7-86DE-85EEB492DF63}.Release|Any CPU.ActiveCfg = Release|Any CPU
		{00D86A4C-6AAF-48D7-86DE-85EEB492DF63}.Release|Any CPU.Build.0 = Release|Any CPU
		{00D86A4C-6AAF-48D7-86DE-85EEB492DF63}.Release|x64.ActiveCfg = Release|Any CPU
		{00D86A4C-6AAF-48D7-86DE-85EEB492DF63}.Release|x64.Build.0 = Release|Any CPU
		{00D86A4C-6AAF-48D7-86DE-85EEB492DF63}.Release|x86.ActiveCfg = Release|Any CPU
		{00D86A4C-6AAF-48D7-86DE-85EEB492DF63}.Release|x86.Build.0 = Release|Any CPU
		{7E4692CD-F1CC-45C4-9551-A695F0418B11}.Debug|Any CPU.ActiveCfg = Debug|Any CPU
		{7E4692CD-F1CC-45C4-9551-A695F0418B11}.Debug|Any CPU.Build.0 = Debug|Any CPU
		{7E4692CD-F1CC-45C4-9551-A695F0418B11}.Debug|x64.ActiveCfg = Debug|Any CPU
		{7E4692CD-F1CC-45C4-9551-A695F0418B11}.Debug|x64.Build.0 = Debug|Any CPU
		{7E4692CD-F1CC-45C4-9551-A695F0418B11}.Debug|x86.ActiveCfg = Debug|Any CPU
		{7E4692CD-F1CC-45C4-9551-A695F0418B11}.Debug|x86.Build.0 = Debug|Any CPU
		{7E4692CD-F1CC-45C4-9551-A695F0418B11}.Release|Any CPU.ActiveCfg = Release|Any CPU
		{7E4692CD-F1CC-45C4-9551-A695F0418B11}.Release|Any CPU.Build.0 = Release|Any CPU
		{7E4692CD-F1CC-45C4-9551-A695F0418B11}.Release|x64.ActiveCfg = Release|Any CPU
		{7E4692CD-F1CC-45C4-9551-A695F0418B11}.Release|x64.Build.0 = Release|Any CPU
		{7E4692CD-F1CC-45C4-9551-A695F0418B11}.Release|x86.ActiveCfg = Release|Any CPU
		{7E4692CD-F1CC-45C4-9551-A695F0418B11}.Release|x86.Build.0 = Release|Any CPU
		{A000165C-8B0F-4845-882A-A981F41DC19F}.Debug|Any CPU.ActiveCfg = Debug|Any CPU
		{A000165C-8B0F-4845-882A-A981F41DC19F}.Debug|Any CPU.Build.0 = Debug|Any CPU
		{A000165C-8B0F-4845-882A-A981F41DC19F}.Debug|x64.ActiveCfg = Debug|Any CPU
		{A000165C-8B0F-4845-882A-A981F41DC19F}.Debug|x64.Build.0 = Debug|Any CPU
		{A000165C-8B0F-4845-882A-A981F41DC19F}.Debug|x86.ActiveCfg = Debug|Any CPU
		{A000165C-8B0F-4845-882A-A981F41DC19F}.Debug|x86.Build.0 = Debug|Any CPU
		{A000165C-8B0F-4845-882A-A981F41DC19F}.Release|Any CPU.ActiveCfg = Release|Any CPU
		{A000165C-8B0F-4845-882A-A981F41DC19F}.Release|Any CPU.Build.0 = Release|Any CPU
		{A000165C-8B0F-4845-882A-A981F41DC19F}.Release|x64.ActiveCfg = Release|Any CPU
		{A000165C-8B0F-4845-882A-A981F41DC19F}.Release|x64.Build.0 = Release|Any CPU
		{A000165C-8B0F-4845-882A-A981F41DC19F}.Release|x86.ActiveCfg = Release|Any CPU
		{A000165C-8B0F-4845-882A-A981F41DC19F}.Release|x86.Build.0 = Release|Any CPU
		{CBC41D12-5491-44E7-A1C5-43403504A240}.Debug|Any CPU.ActiveCfg = Debug|Any CPU
		{CBC41D12-5491-44E7-A1C5-43403504A240}.Debug|Any CPU.Build.0 = Debug|Any CPU
		{CBC41D12-5491-44E7-A1C5-43403504A240}.Debug|x64.ActiveCfg = Debug|Any CPU
		{CBC41D12-5491-44E7-A1C5-43403504A240}.Debug|x64.Build.0 = Debug|Any CPU
		{CBC41D12-5491-44E7-A1C5-43403504A240}.Debug|x86.ActiveCfg = Debug|Any CPU
		{CBC41D12-5491-44E7-A1C5-43403504A240}.Debug|x86.Build.0 = Debug|Any CPU
		{CBC41D12-5491-44E7-A1C5-43403504A240}.Release|Any CPU.ActiveCfg = Release|Any CPU
		{CBC41D12-5491-44E7-A1C5-43403504A240}.Release|Any CPU.Build.0 = Release|Any CPU
		{CBC41D12-5491-44E7-A1C5-43403504A240}.Release|x64.ActiveCfg = Release|Any CPU
		{CBC41D12-5491-44E7-A1C5-43403504A240}.Release|x64.Build.0 = Release|Any CPU
		{CBC41D12-5491-44E7-A1C5-43403504A240}.Release|x86.ActiveCfg = Release|Any CPU
		{CBC41D12-5491-44E7-A1C5-43403504A240}.Release|x86.Build.0 = Release|Any CPU
		{B5337176-10A2-4457-8D49-0D40F6830821}.Debug|Any CPU.ActiveCfg = Debug|Any CPU
		{B5337176-10A2-4457-8D49-0D40F6830821}.Debug|Any CPU.Build.0 = Debug|Any CPU
		{B5337176-10A2-4457-8D49-0D40F6830821}.Debug|x64.ActiveCfg = Debug|Any CPU
		{B5337176-10A2-4457-8D49-0D40F6830821}.Debug|x64.Build.0 = Debug|Any CPU
		{B5337176-10A2-4457-8D49-0D40F6830821}.Debug|x86.ActiveCfg = Debug|Any CPU
		{B5337176-10A2-4457-8D49-0D40F6830821}.Debug|x86.Build.0 = Debug|Any CPU
		{B5337176-10A2-4457-8D49-0D40F6830821}.Release|Any CPU.ActiveCfg = Release|Any CPU
		{B5337176-10A2-4457-8D49-0D40F6830821}.Release|Any CPU.Build.0 = Release|Any CPU
		{B5337176-10A2-4457-8D49-0D40F6830821}.Release|x64.ActiveCfg = Release|Any CPU
		{B5337176-10A2-4457-8D49-0D40F6830821}.Release|x64.Build.0 = Release|Any CPU
		{B5337176-10A2-4457-8D49-0D40F6830821}.Release|x86.ActiveCfg = Release|Any CPU
		{B5337176-10A2-4457-8D49-0D40F6830821}.Release|x86.Build.0 = Release|Any CPU
		{F1FF84F9-C6C9-4276-9FF5-E8E6A8901115}.Debug|Any CPU.ActiveCfg = Debug|Any CPU
		{F1FF84F9-C6C9-4276-9FF5-E8E6A8901115}.Debug|Any CPU.Build.0 = Debug|Any CPU
		{F1FF84F9-C6C9-4276-9FF5-E8E6A8901115}.Debug|x64.ActiveCfg = Debug|Any CPU
		{F1FF84F9-C6C9-4276-9FF5-E8E6A8901115}.Debug|x64.Build.0 = Debug|Any CPU
		{F1FF84F9-C6C9-4276-9FF5-E8E6A8901115}.Debug|x86.ActiveCfg = Debug|Any CPU
		{F1FF84F9-C6C9-4276-9FF5-E8E6A8901115}.Debug|x86.Build.0 = Debug|Any CPU
		{F1FF84F9-C6C9-4276-9FF5-E8E6A8901115}.Release|Any CPU.ActiveCfg = Release|Any CPU
		{F1FF84F9-C6C9-4276-9FF5-E8E6A8901115}.Release|Any CPU.Build.0 = Release|Any CPU
		{F1FF84F9-C6C9-4276-9FF5-E8E6A8901115}.Release|x64.ActiveCfg = Release|Any CPU
		{F1FF84F9-C6C9-4276-9FF5-E8E6A8901115}.Release|x64.Build.0 = Release|Any CPU
		{F1FF84F9-C6C9-4276-9FF5-E8E6A8901115}.Release|x86.ActiveCfg = Release|Any CPU
		{F1FF84F9-C6C9-4276-9FF5-E8E6A8901115}.Release|x86.Build.0 = Release|Any CPU
		{5372686B-36A0-4DF8-B941-647A36C45D4C}.Debug|Any CPU.ActiveCfg = Debug|Any CPU
		{5372686B-36A0-4DF8-B941-647A36C45D4C}.Debug|Any CPU.Build.0 = Debug|Any CPU
		{5372686B-36A0-4DF8-B941-647A36C45D4C}.Debug|x64.ActiveCfg = Debug|Any CPU
		{5372686B-36A0-4DF8-B941-647A36C45D4C}.Debug|x64.Build.0 = Debug|Any CPU
		{5372686B-36A0-4DF8-B941-647A36C45D4C}.Debug|x86.ActiveCfg = Debug|Any CPU
		{5372686B-36A0-4DF8-B941-647A36C45D4C}.Debug|x86.Build.0 = Debug|Any CPU
		{5372686B-36A0-4DF8-B941-647A36C45D4C}.Release|Any CPU.ActiveCfg = Release|Any CPU
		{5372686B-36A0-4DF8-B941-647A36C45D4C}.Release|Any CPU.Build.0 = Release|Any CPU
		{5372686B-36A0-4DF8-B941-647A36C45D4C}.Release|x64.ActiveCfg = Release|Any CPU
		{5372686B-36A0-4DF8-B941-647A36C45D4C}.Release|x64.Build.0 = Release|Any CPU
		{5372686B-36A0-4DF8-B941-647A36C45D4C}.Release|x86.ActiveCfg = Release|Any CPU
		{5372686B-36A0-4DF8-B941-647A36C45D4C}.Release|x86.Build.0 = Release|Any CPU
		{7513709B-76A5-4D40-BD0D-6D1F1C28EE19}.Debug|Any CPU.ActiveCfg = Debug|Any CPU
		{7513709B-76A5-4D40-BD0D-6D1F1C28EE19}.Debug|Any CPU.Build.0 = Debug|Any CPU
		{7513709B-76A5-4D40-BD0D-6D1F1C28EE19}.Debug|x64.ActiveCfg = Debug|Any CPU
		{7513709B-76A5-4D40-BD0D-6D1F1C28EE19}.Debug|x64.Build.0 = Debug|Any CPU
		{7513709B-76A5-4D40-BD0D-6D1F1C28EE19}.Debug|x86.ActiveCfg = Debug|Any CPU
		{7513709B-76A5-4D40-BD0D-6D1F1C28EE19}.Debug|x86.Build.0 = Debug|Any CPU
		{7513709B-76A5-4D40-BD0D-6D1F1C28EE19}.Release|Any CPU.ActiveCfg = Release|Any CPU
		{7513709B-76A5-4D40-BD0D-6D1F1C28EE19}.Release|Any CPU.Build.0 = Release|Any CPU
		{7513709B-76A5-4D40-BD0D-6D1F1C28EE19}.Release|x64.ActiveCfg = Release|Any CPU
		{7513709B-76A5-4D40-BD0D-6D1F1C28EE19}.Release|x64.Build.0 = Release|Any CPU
		{7513709B-76A5-4D40-BD0D-6D1F1C28EE19}.Release|x86.ActiveCfg = Release|Any CPU
		{7513709B-76A5-4D40-BD0D-6D1F1C28EE19}.Release|x86.Build.0 = Release|Any CPU
		{EC27280F-DE3D-49E2-B4F8-22AB7E0F3162}.Debug|Any CPU.ActiveCfg = Debug|Any CPU
		{EC27280F-DE3D-49E2-B4F8-22AB7E0F3162}.Debug|Any CPU.Build.0 = Debug|Any CPU
		{EC27280F-DE3D-49E2-B4F8-22AB7E0F3162}.Debug|x64.ActiveCfg = Debug|Any CPU
		{EC27280F-DE3D-49E2-B4F8-22AB7E0F3162}.Debug|x64.Build.0 = Debug|Any CPU
		{EC27280F-DE3D-49E2-B4F8-22AB7E0F3162}.Debug|x86.ActiveCfg = Debug|Any CPU
		{EC27280F-DE3D-49E2-B4F8-22AB7E0F3162}.Debug|x86.Build.0 = Debug|Any CPU
		{EC27280F-DE3D-49E2-B4F8-22AB7E0F3162}.Release|Any CPU.ActiveCfg = Release|Any CPU
		{EC27280F-DE3D-49E2-B4F8-22AB7E0F3162}.Release|Any CPU.Build.0 = Release|Any CPU
		{EC27280F-DE3D-49E2-B4F8-22AB7E0F3162}.Release|x64.ActiveCfg = Release|Any CPU
		{EC27280F-DE3D-49E2-B4F8-22AB7E0F3162}.Release|x64.Build.0 = Release|Any CPU
		{EC27280F-DE3D-49E2-B4F8-22AB7E0F3162}.Release|x86.ActiveCfg = Release|Any CPU
		{EC27280F-DE3D-49E2-B4F8-22AB7E0F3162}.Release|x86.Build.0 = Release|Any CPU
		{42AFBBA7-F908-47E2-949F-8CE00BF6D30F}.Debug|Any CPU.ActiveCfg = Debug|Any CPU
		{42AFBBA7-F908-47E2-949F-8CE00BF6D30F}.Debug|Any CPU.Build.0 = Debug|Any CPU
		{42AFBBA7-F908-47E2-949F-8CE00BF6D30F}.Debug|x64.ActiveCfg = Debug|Any CPU
		{42AFBBA7-F908-47E2-949F-8CE00BF6D30F}.Debug|x64.Build.0 = Debug|Any CPU
		{42AFBBA7-F908-47E2-949F-8CE00BF6D30F}.Debug|x86.ActiveCfg = Debug|Any CPU
		{42AFBBA7-F908-47E2-949F-8CE00BF6D30F}.Debug|x86.Build.0 = Debug|Any CPU
		{42AFBBA7-F908-47E2-949F-8CE00BF6D30F}.Release|Any CPU.ActiveCfg = Release|Any CPU
		{42AFBBA7-F908-47E2-949F-8CE00BF6D30F}.Release|Any CPU.Build.0 = Release|Any CPU
		{42AFBBA7-F908-47E2-949F-8CE00BF6D30F}.Release|x64.ActiveCfg = Release|Any CPU
		{42AFBBA7-F908-47E2-949F-8CE00BF6D30F}.Release|x64.Build.0 = Release|Any CPU
		{42AFBBA7-F908-47E2-949F-8CE00BF6D30F}.Release|x86.ActiveCfg = Release|Any CPU
		{42AFBBA7-F908-47E2-949F-8CE00BF6D30F}.Release|x86.Build.0 = Release|Any CPU
		{266848DB-BBD4-4655-8921-52758FDE7E67}.Debug|Any CPU.ActiveCfg = Debug|Any CPU
		{266848DB-BBD4-4655-8921-52758FDE7E67}.Debug|Any CPU.Build.0 = Debug|Any CPU
		{266848DB-BBD4-4655-8921-52758FDE7E67}.Debug|x64.ActiveCfg = Debug|Any CPU
		{266848DB-BBD4-4655-8921-52758FDE7E67}.Debug|x64.Build.0 = Debug|Any CPU
		{266848DB-BBD4-4655-8921-52758FDE7E67}.Debug|x86.ActiveCfg = Debug|Any CPU
		{266848DB-BBD4-4655-8921-52758FDE7E67}.Debug|x86.Build.0 = Debug|Any CPU
		{266848DB-BBD4-4655-8921-52758FDE7E67}.Release|Any CPU.ActiveCfg = Release|Any CPU
		{266848DB-BBD4-4655-8921-52758FDE7E67}.Release|Any CPU.Build.0 = Release|Any CPU
		{266848DB-BBD4-4655-8921-52758FDE7E67}.Release|x64.ActiveCfg = Release|Any CPU
		{266848DB-BBD4-4655-8921-52758FDE7E67}.Release|x64.Build.0 = Release|Any CPU
		{266848DB-BBD4-4655-8921-52758FDE7E67}.Release|x86.ActiveCfg = Release|Any CPU
		{266848DB-BBD4-4655-8921-52758FDE7E67}.Release|x86.Build.0 = Release|Any CPU
		{7B3EE9E2-3CF7-4D50-9B24-85FF8600BCC9}.Debug|Any CPU.ActiveCfg = Debug|Any CPU
		{7B3EE9E2-3CF7-4D50-9B24-85FF8600BCC9}.Debug|Any CPU.Build.0 = Debug|Any CPU
		{7B3EE9E2-3CF7-4D50-9B24-85FF8600BCC9}.Debug|x64.ActiveCfg = Debug|Any CPU
		{7B3EE9E2-3CF7-4D50-9B24-85FF8600BCC9}.Debug|x64.Build.0 = Debug|Any CPU
		{7B3EE9E2-3CF7-4D50-9B24-85FF8600BCC9}.Debug|x86.ActiveCfg = Debug|Any CPU
		{7B3EE9E2-3CF7-4D50-9B24-85FF8600BCC9}.Debug|x86.Build.0 = Debug|Any CPU
		{7B3EE9E2-3CF7-4D50-9B24-85FF8600BCC9}.Release|Any CPU.ActiveCfg = Release|Any CPU
		{7B3EE9E2-3CF7-4D50-9B24-85FF8600BCC9}.Release|Any CPU.Build.0 = Release|Any CPU
		{7B3EE9E2-3CF7-4D50-9B24-85FF8600BCC9}.Release|x64.ActiveCfg = Release|Any CPU
		{7B3EE9E2-3CF7-4D50-9B24-85FF8600BCC9}.Release|x64.Build.0 = Release|Any CPU
		{7B3EE9E2-3CF7-4D50-9B24-85FF8600BCC9}.Release|x86.ActiveCfg = Release|Any CPU
		{7B3EE9E2-3CF7-4D50-9B24-85FF8600BCC9}.Release|x86.Build.0 = Release|Any CPU
		{CBCE40A4-3F22-4131-BF67-7C4F53B9F27E}.Debug|Any CPU.ActiveCfg = Debug|Any CPU
		{CBCE40A4-3F22-4131-BF67-7C4F53B9F27E}.Debug|Any CPU.Build.0 = Debug|Any CPU
		{CBCE40A4-3F22-4131-BF67-7C4F53B9F27E}.Debug|x64.ActiveCfg = Debug|Any CPU
		{CBCE40A4-3F22-4131-BF67-7C4F53B9F27E}.Debug|x64.Build.0 = Debug|Any CPU
		{CBCE40A4-3F22-4131-BF67-7C4F53B9F27E}.Debug|x86.ActiveCfg = Debug|Any CPU
		{CBCE40A4-3F22-4131-BF67-7C4F53B9F27E}.Debug|x86.Build.0 = Debug|Any CPU
		{CBCE40A4-3F22-4131-BF67-7C4F53B9F27E}.Release|Any CPU.ActiveCfg = Release|Any CPU
		{CBCE40A4-3F22-4131-BF67-7C4F53B9F27E}.Release|Any CPU.Build.0 = Release|Any CPU
		{CBCE40A4-3F22-4131-BF67-7C4F53B9F27E}.Release|x64.ActiveCfg = Release|Any CPU
		{CBCE40A4-3F22-4131-BF67-7C4F53B9F27E}.Release|x64.Build.0 = Release|Any CPU
		{CBCE40A4-3F22-4131-BF67-7C4F53B9F27E}.Release|x86.ActiveCfg = Release|Any CPU
		{CBCE40A4-3F22-4131-BF67-7C4F53B9F27E}.Release|x86.Build.0 = Release|Any CPU
		{BE78E1CC-EDF9-4933-8132-C9A6065CC957}.Debug|Any CPU.ActiveCfg = Debug|Any CPU
		{BE78E1CC-EDF9-4933-8132-C9A6065CC957}.Debug|Any CPU.Build.0 = Debug|Any CPU
		{BE78E1CC-EDF9-4933-8132-C9A6065CC957}.Debug|x64.ActiveCfg = Debug|Any CPU
		{BE78E1CC-EDF9-4933-8132-C9A6065CC957}.Debug|x64.Build.0 = Debug|Any CPU
		{BE78E1CC-EDF9-4933-8132-C9A6065CC957}.Debug|x86.ActiveCfg = Debug|Any CPU
		{BE78E1CC-EDF9-4933-8132-C9A6065CC957}.Debug|x86.Build.0 = Debug|Any CPU
		{BE78E1CC-EDF9-4933-8132-C9A6065CC957}.Release|Any CPU.ActiveCfg = Release|Any CPU
		{BE78E1CC-EDF9-4933-8132-C9A6065CC957}.Release|Any CPU.Build.0 = Release|Any CPU
		{BE78E1CC-EDF9-4933-8132-C9A6065CC957}.Release|x64.ActiveCfg = Release|Any CPU
		{BE78E1CC-EDF9-4933-8132-C9A6065CC957}.Release|x64.Build.0 = Release|Any CPU
		{BE78E1CC-EDF9-4933-8132-C9A6065CC957}.Release|x86.ActiveCfg = Release|Any CPU
		{BE78E1CC-EDF9-4933-8132-C9A6065CC957}.Release|x86.Build.0 = Release|Any CPU
	EndGlobalSection
	GlobalSection(SolutionProperties) = preSolution
		HideSolutionNode = FALSE
	EndGlobalSection
	GlobalSection(NestedProjects) = preSolution
		{F0F4EC68-07EB-4A71-B944-ECCF5178415D} = {FAD0F089-F049-4C08-B9FD-DC11850EBDEB}
		{5307291B-FE26-4BDD-8944-6ABCAAFB425D} = {FAD0F089-F049-4C08-B9FD-DC11850EBDEB}
		{2C4BECE5-5ED7-476E-A984-2E910E54EB88} = {FAD0F089-F049-4C08-B9FD-DC11850EBDEB}
		{0D7F2C56-24AF-46FE-85B2-46CAD56B1396} = {FAD0F089-F049-4C08-B9FD-DC11850EBDEB}
		{60376F67-6966-4330-B8CD-40E1A6B20F70} = {5E9D5C91-496F-41C9-A4ED-F89BE0DBE11A}
		{3FC981D1-39AB-4900-B393-A41CFB307A23} = {5E9D5C91-496F-41C9-A4ED-F89BE0DBE11A}
		{66D24A41-94E0-4D6D-85FC-5BCB46EF8AF7} = {5E9D5C91-496F-41C9-A4ED-F89BE0DBE11A}
		{FA0A4D89-945A-45CB-A6EF-B1D589A1FA36} = {FAD0F089-F049-4C08-B9FD-DC11850EBDEB}
		{F3ACC2A0-6B83-4CAC-85AA-38A03EA91207} = {FAD0F089-F049-4C08-B9FD-DC11850EBDEB}
		{9CB661B6-3D47-4B2C-9FE5-C5B8D0B1404E} = {FAD0F089-F049-4C08-B9FD-DC11850EBDEB}
		{A24D3411-BD83-4550-B7BF-4897F3113B0E} = {FAD0F089-F049-4C08-B9FD-DC11850EBDEB}
		{43791536-94C8-4472-99FD-23F858F91BD5} = {4958D7D8-4791-2CCE-6FFA-082B65933577}
		{0CFC5D4E-2284-495C-B664-C5D79E1C272C} = {4958D7D8-4791-2CCE-6FFA-082B65933577}
		{D171D98D-A8CA-45C4-9E8C-BEBE5147EF36} = {4958D7D8-4791-2CCE-6FFA-082B65933577}
		{00D86A4C-6AAF-48D7-86DE-85EEB492DF63} = {5E9D5C91-496F-41C9-A4ED-F89BE0DBE11A}
		{7E4692CD-F1CC-45C4-9551-A695F0418B11} = {5E9D5C91-496F-41C9-A4ED-F89BE0DBE11A}
		{A000165C-8B0F-4845-882A-A981F41DC19F} = {07C2787E-EAC7-C090-1BA3-A61EC2A24D84}
		{CBC41D12-5491-44E7-A1C5-43403504A240} = {4958D7D8-4791-2CCE-6FFA-082B65933577}
		{B5337176-10A2-4457-8D49-0D40F6830821} = {4958D7D8-4791-2CCE-6FFA-082B65933577}
		{F1FF84F9-C6C9-4276-9FF5-E8E6A8901115} = {4958D7D8-4791-2CCE-6FFA-082B65933577}
		{5372686B-36A0-4DF8-B941-647A36C45D4C} = {4958D7D8-4791-2CCE-6FFA-082B65933577}
		{7513709B-76A5-4D40-BD0D-6D1F1C28EE19} = {4958D7D8-4791-2CCE-6FFA-082B65933577}
		{EC27280F-DE3D-49E2-B4F8-22AB7E0F3162} = {4958D7D8-4791-2CCE-6FFA-082B65933577}
		{42AFBBA7-F908-47E2-949F-8CE00BF6D30F} = {4958D7D8-4791-2CCE-6FFA-082B65933577}
		{266848DB-BBD4-4655-8921-52758FDE7E67} = {4958D7D8-4791-2CCE-6FFA-082B65933577}
		{7B3EE9E2-3CF7-4D50-9B24-85FF8600BCC9} = {5E9D5C91-496F-41C9-A4ED-F89BE0DBE11A}
		{CBCE40A4-3F22-4131-BF67-7C4F53B9F27E} = {5E9D5C91-496F-41C9-A4ED-F89BE0DBE11A}
		{BE78E1CC-EDF9-4933-8132-C9A6065CC957} = {FAD0F089-F049-4C08-B9FD-DC11850EBDEB}
	EndGlobalSection
EndGlobal
